// !$*UTF8*$!
{
	archiveVersion = 1;
	classes = {
	};
	objectVersion = 46;
	objects = {

/* Begin PBXBuildFile section */
		89F97E291CCB3DFE00A2865C /* AppDelegate.swift in Sources */ = {isa = PBXBuildFile; fileRef = 89F97E281CCB3DFE00A2865C /* AppDelegate.swift */; };
		89F97E2B1CCB3DFE00A2865C /* FirstViewController.swift in Sources */ = {isa = PBXBuildFile; fileRef = 89F97E2A1CCB3DFE00A2865C /* FirstViewController.swift */; };
		89F97E2D1CCB3DFE00A2865C /* SecondViewController.swift in Sources */ = {isa = PBXBuildFile; fileRef = 89F97E2C1CCB3DFE00A2865C /* SecondViewController.swift */; };
		89F97E301CCB3DFE00A2865C /* Main.storyboard in Resources */ = {isa = PBXBuildFile; fileRef = 89F97E2E1CCB3DFE00A2865C /* Main.storyboard */; };
		89F97E321CCB3DFE00A2865C /* Assets.xcassets in Resources */ = {isa = PBXBuildFile; fileRef = 89F97E311CCB3DFE00A2865C /* Assets.xcassets */; };
		89F97E351CCB3DFE00A2865C /* LaunchScreen.storyboard in Resources */ = {isa = PBXBuildFile; fileRef = 89F97E331CCB3DFE00A2865C /* LaunchScreen.storyboard */; };
/* End PBXBuildFile section */

/* Begin PBXFileReference section */
		89F97E251CCB3DFE00A2865C /* iSecure.app */ = {isa = PBXFileReference; explicitFileType = wrapper.application; includeInIndex = 0; path = iSecure.app; sourceTree = BUILT_PRODUCTS_DIR; };
		89F97E281CCB3DFE00A2865C /* AppDelegate.swift */ = {isa = PBXFileReference; lastKnownFileType = sourcecode.swift; path = AppDelegate.swift; sourceTree = "<group>"; };
		89F97E2A1CCB3DFE00A2865C /* FirstViewController.swift */ = {isa = PBXFileReference; lastKnownFileType = sourcecode.swift; path = FirstViewController.swift; sourceTree = "<group>"; };
		89F97E2C1CCB3DFE00A2865C /* SecondViewController.swift */ = {isa = PBXFileReference; lastKnownFileType = sourcecode.swift; path = SecondViewController.swift; sourceTree = "<group>"; };
		89F97E2F1CCB3DFE00A2865C /* Base */ = {isa = PBXFileReference; lastKnownFileType = file.storyboard; name = Base; path = Base.lproj/Main.storyboard; sourceTree = "<group>"; };
		89F97E311CCB3DFE00A2865C /* Assets.xcassets */ = {isa = PBXFileReference; lastKnownFileType = folder.assetcatalog; path = Assets.xcassets; sourceTree = "<group>"; };
		89F97E341CCB3DFE00A2865C /* Base */ = {isa = PBXFileReference; lastKnownFileType = file.storyboard; name = Base; path = Base.lproj/LaunchScreen.storyboard; sourceTree = "<group>"; };
		89F97E361CCB3DFE00A2865C /* Info.plist */ = {isa = PBXFileReference; lastKnownFileType = text.plist.xml; path = Info.plist; sourceTree = "<group>"; };
/* End PBXFileReference section */

/* Begin PBXFrameworksBuildPhase section */
		89F97E221CCB3DFE00A2865C /* Frameworks */ = {
			isa = PBXFrameworksBuildPhase;
			buildActionMask = 2147483647;
			files = (
			);
			runOnlyForDeploymentPostprocessing = 0;
		};
/* End PBXFrameworksBuildPhase section */

/* Begin PBXGroup section */
		89F97E1C1CCB3DFE00A2865C = {
			isa = PBXGroup;
			children = (
				89F97E271CCB3DFE00A2865C /* iSecure */,
				89F97E261CCB3DFE00A2865C /* Products */,
			);
			sourceTree = "<group>";
		};
		89F97E261CCB3DFE00A2865C /* Products */ = {
			isa = PBXGroup;
			children = (
				89F97E251CCB3DFE00A2865C /* iSecure.app */,
			);
			name = Products;
			sourceTree = "<group>";
		};
		89F97E271CCB3DFE00A2865C /* iSecure */ = {
			isa = PBXGroup;
			children = (
				89F97E281CCB3DFE00A2865C /* AppDelegate.swift */,
				89F97E2A1CCB3DFE00A2865C /* FirstViewController.swift */,
				89F97E2C1CCB3DFE00A2865C /* SecondViewController.swift */,
				89F97E2E1CCB3DFE00A2865C /* Main.storyboard */,
				89F97E311CCB3DFE00A2865C /* Assets.xcassets */,
				89F97E331CCB3DFE00A2865C /* LaunchScreen.storyboard */,
				89F97E361CCB3DFE00A2865C /* Info.plist */,
			);
			path = iSecure;
			sourceTree = "<group>";
		};
/* End PBXGroup section */

/* Begin PBXNativeTarget section */
		89F97E241CCB3DFE00A2865C /* iSecure */ = {
			isa = PBXNativeTarget;
			buildConfigurationList = 89F97E391CCB3DFE00A2865C /* Build configuration list for PBXNativeTarget "iSecure" */;
			buildPhases = (
				89F97E211CCB3DFE00A2865C /* Sources */,
				89F97E221CCB3DFE00A2865C /* Frameworks */,
				89F97E231CCB3DFE00A2865C /* Resources */,
			);
			buildRules = (
			);
			dependencies = (
			);
			name = iSecure;
			productName = iSecure;
			productReference = 89F97E251CCB3DFE00A2865C /* iSecure.app */;
			productType = "com.apple.product-type.application";
		};
/* End PBXNativeTarget section */

/* Begin PBXProject section */
		89F97E1D1CCB3DFE00A2865C /* Project object */ = {
			isa = PBXProject;
			attributes = {
				LastSwiftUpdateCheck = 0730;
				LastUpgradeCheck = 0730;
				ORGANIZATIONNAME = com.TeamWon;
				TargetAttributes = {
					89F97E241CCB3DFE00A2865C = {
						CreatedOnToolsVersion = 7.3;
					};
				};
			};
			buildConfigurationList = 89F97E201CCB3DFE00A2865C /* Build configuration list for PBXProject "iSecure" */;
			compatibilityVersion = "Xcode 3.2";
			developmentRegion = English;
			hasScannedForEncodings = 0;
			knownRegions = (
				en,
				Base,
			);
			mainGroup = 89F97E1C1CCB3DFE00A2865C;
			productRefGroup = 89F97E261CCB3DFE00A2865C /* Products */;
			projectDirPath = "";
			projectRoot = "";
			targets = (
				89F97E241CCB3DFE00A2865C /* iSecure */,
			);
		};
/* End PBXProject section */

/* Begin PBXResourcesBuildPhase section */
		89F97E231CCB3DFE00A2865C /* Resources */ = {
			isa = PBXResourcesBuildPhase;
			buildActionMask = 2147483647;
			files = (
				89F97E351CCB3DFE00A2865C /* LaunchScreen.storyboard in Resources */,
				89F97E321CCB3DFE00A2865C /* Assets.xcassets in Resources */,
				89F97E301CCB3DFE00A2865C /* Main.storyboard in Resources */,
			);
			runOnlyForDeploymentPostprocessing = 0;
		};
/* End PBXResourcesBuildPhase section */

/* Begin PBXSourcesBuildPhase section */
		89F97E211CCB3DFE00A2865C /* Sources */ = {
			isa = PBXSourcesBuildPhase;
			buildActionMask = 2147483647;
			files = (
				89F97E2D1CCB3DFE00A2865C /* SecondViewController.swift in Sources */,
				89F97E291CCB3DFE00A2865C /* AppDelegate.swift in Sources */,
				89F97E2B1CCB3DFE00A2865C /* FirstViewController.swift in Sources */,
			);
			runOnlyForDeploymentPostprocessing = 0;
		};
/* End PBXSourcesBuildPhase section */

/* Begin PBXVariantGroup section */
		89F97E2E1CCB3DFE00A2865C /* Main.storyboard */ = {
			isa = PBXVariantGroup;
			children = (
				89F97E2F1CCB3DFE00A2865C /* Base */,
			);
			name = Main.storyboard;
			sourceTree = "<group>";
		};
		89F97E331CCB3DFE00A2865C /* LaunchScreen.storyboard */ = {
			isa = PBXVariantGroup;
			children = (
				89F97E341CCB3DFE00A2865C /* Base */,
			);
			name = LaunchScreen.storyboard;
			sourceTree = "<group>";
		};
/* End PBXVariantGroup section */

/* Begin XCBuildConfiguration section */
		89F97E371CCB3DFE00A2865C /* Debug */ = {
			isa = XCBuildConfiguration;
			buildSettings = {
				ALWAYS_SEARCH_USER_PATHS = NO;
				CLANG_ANALYZER_NONNULL = YES;
				CLANG_CXX_LANGUAGE_STANDARD = "gnu++0x";
				CLANG_CXX_LIBRARY = "libc++";
				CLANG_ENABLE_MODULES = YES;
				CLANG_ENABLE_OBJC_ARC = YES;
				CLANG_WARN_BOOL_CONVERSION = YES;
				CLANG_WARN_CONSTANT_CONVERSION = YES;
				CLANG_WARN_DIRECT_OBJC_ISA_USAGE = YES_ERROR;
				CLANG_WARN_EMPTY_BODY = YES;
				CLANG_WARN_ENUM_CONVERSION = YES;
				CLANG_WARN_INT_CONVERSION = YES;
				CLANG_WARN_OBJC_ROOT_CLASS = YES_ERROR;
				CLANG_WARN_UNREACHABLE_CODE = YES;
				CLANG_WARN__DUPLICATE_METHOD_MATCH = YES;
				"CODE_SIGN_IDENTITY[sdk=iphoneos*]" = "iPhone Developer";
				COPY_PHASE_STRIP = NO;
				DEBUG_INFORMATION_FORMAT = dwarf;
				ENABLE_STRICT_OBJC_MSGSEND = YES;
				ENABLE_TESTABILITY = YES;
				GCC_C_LANGUAGE_STANDARD = gnu99;
				GCC_DYNAMIC_NO_PIC = NO;
				GCC_NO_COMMON_BLOCKS = YES;
				GCC_OPTIMIZATION_LEVEL = 0;
				GCC_PREPROCESSOR_DEFINITIONS = (
					"DEBUG=1",
					"$(inherited)",
				);
				GCC_WARN_64_TO_32_BIT_CONVERSION = YES;
				GCC_WARN_ABOUT_RETURN_TYPE = YES_ERROR;
				GCC_WARN_UNDECLARED_SELECTOR = YES;
				GCC_WARN_UNINITIALIZED_AUTOS = YES_AGGRESSIVE;
				GCC_WARN_UNUSED_FUNCTION = YES;
				GCC_WARN_UNUSED_VARIABLE = YES;
				IPHONEOS_DEPLOYMENT_TARGET = 9.3;
				MTL_ENABLE_DEBUG_INFO = YES;
				ONLY_ACTIVE_ARCH = YES;
				SDKROOT = iphoneos;
				SWIFT_OPTIMIZATION_LEVEL = "-Onone";
			};
			name = Debug;
		};
		89F97E381CCB3DFE00A2865C /* Release */ = {
			isa = XCBuildConfiguration;
			buildSettings = {
				ALWAYS_SEARCH_USER_PATHS = NO;
				CLANG_ANALYZER_NONNULL = YES;
				CLANG_CXX_LANGUAGE_STANDARD = "gnu++0x";
				CLANG_CXX_LIBRARY = "libc++";
				CLANG_ENABLE_MODULES = YES;
				CLANG_ENABLE_OBJC_ARC = YES;
				CLANG_WARN_BOOL_CONVERSION = YES;
				CLANG_WARN_CONSTANT_CONVERSION = YES;
				CLANG_WARN_DIRECT_OBJC_ISA_USAGE = YES_ERROR;
				CLANG_WARN_EMPTY_BODY = YES;
				CLANG_WARN_ENUM_CONVERSION = YES;
				CLANG_WARN_INT_CONVERSION = YES;
				CLANG_WARN_OBJC_ROOT_CLASS = YES_ERROR;
				CLANG_WARN_UNREACHABLE_CODE = YES;
				CLANG_WARN__DUPLICATE_METHOD_MATCH = YES;
				"CODE_SIGN_IDENTITY[sdk=iphoneos*]" = "iPhone Developer";
				COPY_PHASE_STRIP = NO;
				DEBUG_INFORMATION_FORMAT = "dwarf-with-dsym";
				ENABLE_NS_ASSERTIONS = NO;
				ENABLE_STRICT_OBJC_MSGSEND = YES;
				GCC_C_LANGUAGE_STANDARD = gnu99;
				GCC_NO_COMMON_BLOCKS = YES;
				GCC_WARN_64_TO_32_BIT_CONVERSION = YES;
				GCC_WARN_ABOUT_RETURN_TYPE = YES_ERROR;
				GCC_WARN_UNDECLARED_SELECTOR = YES;
				GCC_WARN_UNINITIALIZED_AUTOS = YES_AGGRESSIVE;
				GCC_WARN_UNUSED_FUNCTION = YES;
				GCC_WARN_UNUSED_VARIABLE = YES;
				IPHONEOS_DEPLOYMENT_TARGET = 9.3;
				MTL_ENABLE_DEBUG_INFO = NO;
				SDKROOT = iphoneos;
				VALIDATE_PRODUCT = YES;
			};
			name = Release;
		};
		89F97E3A1CCB3DFE00A2865C /* Debug */ = {
			isa = XCBuildConfiguration;
			buildSettings = {
				ASSETCATALOG_COMPILER_APPICON_NAME = AppIcon;
				INFOPLIST_FILE = iSecure/Info.plist;
				LD_RUNPATH_SEARCH_PATHS = "$(inherited) @executable_path/Frameworks";
				PRODUCT_BUNDLE_IDENTIFIER = com.TeamWon.iSecure;
				PRODUCT_NAME = "$(TARGET_NAME)";
			};
			name = Debug;
		};
		89F97E3B1CCB3DFE00A2865C /* Release */ = {
			isa = XCBuildConfiguration;
			buildSettings = {
				ASSETCATALOG_COMPILER_APPICON_NAME = AppIcon;
				INFOPLIST_FILE = iSecure/Info.plist;
				LD_RUNPATH_SEARCH_PATHS = "$(inherited) @executable_path/Frameworks";
				PRODUCT_BUNDLE_IDENTIFIER = com.TeamWon.iSecure;
				PRODUCT_NAME = "$(TARGET_NAME)";
			};
			name = Release;
		};
/* End XCBuildConfiguration section */

/* Begin XCConfigurationList section */
		89F97E201CCB3DFE00A2865C /* Build configuration list for PBXProject "iSecure" */ = {
			isa = XCConfigurationList;
			buildConfigurations = (
				89F97E371CCB3DFE00A2865C /* Debug */,
				89F97E381CCB3DFE00A2865C /* Release */,
			);
			defaultConfigurationIsVisible = 0;
			defaultConfigurationName = Release;
		};
		89F97E391CCB3DFE00A2865C /* Build configuration list for PBXNativeTarget "iSecure" */ = {
			isa = XCConfigurationList;
			buildConfigurations = (
				89F97E3A1CCB3DFE00A2865C /* Debug */,
				89F97E3B1CCB3DFE00A2865C /* Release */,
			);
			defaultConfigurationIsVisible = 0;
		};
/* End XCConfigurationList section */
	};
	rootObject = 89F97E1D1CCB3DFE00A2865C /* Project object */;
}
